
Microsoft Visual Studio Solution File, Format Version 12.00
# Visual Studio Version 17
VisualStudioVersion = 17.13.35919.96
MinimumVisualStudioVersion = 10.0.40219.1
Project("{FAE04EC0-301F-11D3-BF4B-00C04F79EFBC}") = "TaskManager", "TaskManager\TaskManager.csproj", "{731176C3-E732-4CA4-B254-41C05BC7F5D8}"
EndProject
Project("{FAE04EC0-301F-11D3-BF4B-00C04F79EFBC}") = "TaskManager.MigrationsRunner", "TaskManager.MigrationsRunner\TaskManager.MigrationsRunner.csproj", "{4230713E-E287-4995-AC54-7C3C3FFD43B1}"
EndProject
Global
	GlobalSection(SolutionConfigurationPlatforms) = preSolution
		Debug|Any CPU = Debug|Any CPU
		Release|Any CPU = Release|Any CPU
	EndGlobalSection
	GlobalSection(ProjectConfigurationPlatforms) = postSolution
		{731176C3-E732-4CA4-B254-41C05BC7F5D8}.Debug|Any CPU.ActiveCfg = Debug|Any CPU
		{731176C3-E732-4CA4-B254-41C05BC7F5D8}.Debug|Any CPU.Build.0 = Debug|Any CPU
		{731176C3-E732-4CA4-B254-41C05BC7F5D8}.Debug|Any CPU.Deploy.0 = Debug|Any CPU
		{731176C3-E732-4CA4-B254-41C05BC7F5D8}.Release|Any CPU.ActiveCfg = Release|Any CPU
		{731176C3-E732-4CA4-B254-41C05BC7F5D8}.Release|Any CPU.Build.0 = Release|Any CPU
		{731176C3-E732-4CA4-B254-41C05BC7F5D8}.Release|Any CPU.Deploy.0 = Release|Any CPU
		{4230713E-E287-4995-AC54-7C3C3FFD43B1}.Debug|Any CPU.ActiveCfg = Debug|Any CPU
		{4230713E-E287-4995-AC54-7C3C3FFD43B1}.Debug|Any CPU.Build.0 = Debug|Any CPU
		{4230713E-E287-4995-AC54-7C3C3FFD43B1}.Release|Any CPU.ActiveCfg = Release|Any CPU
		{4230713E-E287-4995-AC54-7C3C3FFD43B1}.Release|Any CPU.Build.0 = Release|Any CPU
	EndGlobalSection
	GlobalSection(SolutionProperties) = preSolution
		HideSolutionNode = FALSE
	EndGlobalSection
	GlobalSection(ExtensibilityGlobals) = postSolution
		SolutionGuid = {1722630A-63C6-4776-AEBD-2EFA74E7A400}
	EndGlobalSection
EndGlobal
